
Microsoft Visual Studio Solution File, Format Version 12.00
# Visual Studio 15
VisualStudioVersion = 15.0.28307.489
MinimumVisualStudioVersion = 10.0.40219.1
Project("{9092AA53-FB77-4645-B42D-1CCCA6BD08BD}") = "diablo-assistent", "diablo-assistent.njsproj", "{BC4E6C3B-FEC3-4475-ABB0-8567B4E2193E}"
EndProject
Global
	GlobalSection(SolutionConfigurationPlatforms) = preSolution
		Debug|Any CPU = Debug|Any CPU
		Release|Any CPU = Release|Any CPU
	EndGlobalSection
	GlobalSection(ProjectConfigurationPlatforms) = postSolution
		{BC4E6C3B-FEC3-4475-ABB0-8567B4E2193E}.Debug|Any CPU.ActiveCfg = Debug|Any CPU
		{BC4E6C3B-FEC3-4475-ABB0-8567B4E2193E}.Debug|Any CPU.Build.0 = Debug|Any CPU
		{BC4E6C3B-FEC3-4475-ABB0-8567B4E2193E}.Release|Any CPU.ActiveCfg = Release|Any CPU
		{BC4E6C3B-FEC3-4475-ABB0-8567B4E2193E}.Release|Any CPU.Build.0 = Release|Any CPU
	EndGlobalSection
	GlobalSection(SolutionProperties) = preSolution
		HideSolutionNode = FALSE
	EndGlobalSection
	GlobalSection(ExtensibilityGlobals) = postSolution
		SolutionGuid = {F4F51851-BFF6-4AF7-9AC4-D2863A11C7EF}
	EndGlobalSection
EndGlobal
